
Microsoft Visual Studio Solution File, Format Version 12.00
# Visual Studio Version 16
VisualStudioVersion = 16.0.31220.234
MinimumVisualStudioVersion = 10.0.40219.1
Project("{FAE04EC0-301F-11D3-BF4B-00C04F79EFBC}") = "BankLibrary", "BankLibrary\BankLibrary.csproj", "{54659F09-DD5E-459D-955E-B8840C57B0C7}"
EndProject
Project("{FAE04EC0-301F-11D3-BF4B-00C04F79EFBC}") = "SBIAPP", "SBIAPP\SBIAPP.csproj", "{32CB91C3-A9AF-40CC-A35F-9457F9DF8985}"
EndProject
Global
	GlobalSection(SolutionConfigurationPlatforms) = preSolution
		Debug|Any CPU = Debug|Any CPU
		Release|Any CPU = Release|Any CPU
	EndGlobalSection
	GlobalSection(ProjectConfigurationPlatforms) = postSolution
		{54659F09-DD5E-459D-955E-B8840C57B0C7}.Debug|Any CPU.ActiveCfg = Debug|Any CPU
		{54659F09-DD5E-459D-955E-B8840C57B0C7}.Debug|Any CPU.Build.0 = Debug|Any CPU
		{54659F09-DD5E-459D-955E-B8840C57B0C7}.Release|Any CPU.ActiveCfg = Release|Any CPU
		{54659F09-DD5E-459D-955E-B8840C57B0C7}.Release|Any CPU.Build.0 = Release|Any CPU
		{32CB91C3-A9AF-40CC-A35F-9457F9DF8985}.Debug|Any CPU.ActiveCfg = Debug|Any CPU
		{32CB91C3-A9AF-40CC-A35F-9457F9DF8985}.Debug|Any CPU.Build.0 = Debug|Any CPU
		{32CB91C3-A9AF-40CC-A35F-9457F9DF8985}.Release|Any CPU.ActiveCfg = Release|Any CPU
		{32CB91C3-A9AF-40CC-A35F-9457F9DF8985}.Release|Any CPU.Build.0 = Release|Any CPU
	EndGlobalSection
	GlobalSection(SolutionProperties) = preSolution
		HideSolutionNode = FALSE
	EndGlobalSection
	GlobalSection(ExtensibilityGlobals) = postSolution
		SolutionGuid = {17249743-342E-473B-B84C-530F86C5535A}
	EndGlobalSection
EndGlobal
